# This file is autogenerated, do not edit; changes may be undone by the next 'dep ensure'.


[[projects]]
  branch = "master"
  name = "github.com/btcsuite/btcd"
  packages = ["btcec"]
  revision = "2be2f12b358dc57d70b8f501b00be450192efbc3"

[[projects]]
  name = "github.com/dfinity/go-dfinity-crypto"
  packages = ["bls","rand"]
  revision = "1db358303499a9879dd640c71f831897e06e9ddf"
  source = "https://github.com/keep-network/go-dfinity-crypto.git"

[[projects]]
  name = "github.com/ethereum/go-ethereum"
  packages = [".","common","common/hexutil","common/math","core/types","crypto","crypto/secp256k1","crypto/sha3","ethclient","ethdb","log","metrics","params","rlp","rpc","trie"]
  revision = "12683feca7483f0b0bf425c3c520e2724f69f2aa"
  version = "v1.8.6"

[[projects]]
  name = "github.com/go-stack/stack"
  packages = ["."]
  revision = "259ab82a6cad3992b4e21ff5cac294ccb06474bc"
  version = "v1.7.0"

[[projects]]
  branch = "master"
  name = "github.com/golang/snappy"
  packages = ["."]
  revision = "553a641470496b2327abcac10b36396bd98e45c9"

[[projects]]
  name = "github.com/rs/cors"
  packages = ["."]
  revision = "feef513b9575b32f84bafa580aad89b011259019"
  version = "v1.3.0"

[[projects]]
  branch = "master"
  name = "github.com/syndtr/goleveldb"
  packages = ["leveldb","leveldb/cache","leveldb/comparer","leveldb/errors","leveldb/filter","leveldb/iterator","leveldb/journal","leveldb/memdb","leveldb/opt","leveldb/storage","leveldb/table","leveldb/util"]
  revision = "169b1b37be738edb2813dab48c97a549bcf99bb5"

[[projects]]
  branch = "master"
  name = "golang.org/x/crypto"
  packages = ["sha3"]
  revision = "5119cf507ed5294cc409c092980c7497ee5d6fd2"

[[projects]]
  branch = "master"
  name = "golang.org/x/net"
  packages = ["websocket"]
  revision = "6078986fec03a1dcc236c34816c71b0e05018fda"

[[projects]]
  name = "gopkg.in/fatih/set.v0"
  packages = ["."]
  revision = "57907de300222151a123d29255ed17f5ed43fad3"
  version = "v0.1.0"

[[projects]]
  branch = "v2"
  name = "gopkg.in/karalabe/cookiejar.v2"
  packages = ["collections/prque"]
  revision = "8dcd6a7f4951f6ff3ee9cbb919a06d8925822e57"

[[projects]]
  branch = "v2"
  name = "gopkg.in/natefinch/npipe.v2"
  packages = ["."]
  revision = "c1b8fa8bdccecb0b8db834ee0b92fdbcfa606dd6"

[solve-meta]
  analyzer-name = "dep"
  analyzer-version = 1
  inputs-digest = "c2cea4ef7f7abb16c77e6334fe14b30790dd6c2886f04b2e4c7df0ad6f210c90"
  solver-name = "gps-cdcl"
  solver-version = 1
