# This file is autogenerated, do not edit; changes may be undone by the next 'dep ensure'.


[[projects]]
  name = "github.com/BurntSushi/toml"
  packages = ["."]
  revision = "b26d9c308763d68093482582cea63d69be07a0f0"
  source = "https://github.com/keep-network/toml.git"

[[projects]]
  branch = "master"
  name = "github.com/agl/ed25519"
  packages = [
    ".",
    "edwards25519",
    "extra25519"
  ]
  revision = "5312a61534124124185d41f09206b9fef1d88403"

[[projects]]
  branch = "master"
  name = "github.com/aristanetworks/goarista"
  packages = ["monotime"]
  revision = "eeec72b69356a2dc3f3d974c5d6e41e5fd95f1b5"

[[projects]]
  branch = "master"
  name = "github.com/btcsuite/btcd"
  packages = ["btcec"]
  revision = "86fed781132ac890ee03e906e4ecd5d6fa180c64"

[[projects]]
  name = "github.com/coreos/go-semver"
  packages = ["semver"]
  revision = "8ab6407b697782a06568d4b7f1db25550ec2e4c6"
  version = "v0.2.0"

[[projects]]
  name = "github.com/dfinity/go-dfinity-crypto"
  packages = ["bls"]
  revision = "1cfc23c8f712378febdf621f27e49dd67846e901"
  source = "https://github.com/keep-network/go-dfinity-crypto.git"

[[projects]]
  name = "github.com/ethereum/go-ethereum"
  packages = [
    ".",
    "accounts",
    "accounts/abi",
    "accounts/abi/bind",
    "accounts/keystore",
    "common",
    "common/hexutil",
    "common/math",
    "common/mclock",
    "core/types",
    "crypto",
    "crypto/randentropy",
    "crypto/secp256k1",
    "crypto/sha3",
    "ethdb",
    "event",
    "log",
    "metrics",
    "p2p/netutil",
    "params",
    "rlp",
    "rpc",
    "trie"
  ]
  revision = "eae63c511ceafab14b92e274c1b18bf1700e2d3d"
  version = "v1.8.10"

[[projects]]
  name = "github.com/fd/go-nat"
  packages = ["."]
  revision = "bad65a492f32121a87197f4a085905c35e2a367e"
  version = "v1.0.0"

[[projects]]
  name = "github.com/go-stack/stack"
  packages = ["."]
  revision = "259ab82a6cad3992b4e21ff5cac294ccb06474bc"
  version = "v1.7.0"

[[projects]]
  name = "github.com/gogo/protobuf"
  packages = [
    "io",
    "proto",
    "sortkeys"
  ]
  revision = "1adfc126b41513cc696b209667c8656ea7aac67c"
  version = "v1.0.0"

[[projects]]
  branch = "master"
  name = "github.com/golang/snappy"
  packages = ["."]
  revision = "2e65f85255dbc3072edf28d6b5b8efc472979f5a"

[[projects]]
  branch = "master"
  name = "github.com/huin/goupnp"
  packages = [
    ".",
    "dcps/internetgateway1",
    "dcps/internetgateway2",
    "httpu",
    "scpd",
    "soap",
    "ssdp"
  ]
  revision = "1395d1447324cbea88d249fbfcfd70ea878fdfca"

[[projects]]
  branch = "master"
  name = "github.com/ipfs/go-log"
  packages = [
    ".",
    "tracer",
    "tracer/wire",
    "writer"
  ]
  revision = "b9df188d0fae32d69c1a519fa81741668a12f55a"

[[projects]]
  name = "github.com/jackpal/gateway"
  packages = ["."]
  revision = "3e333950771011fed13be63e62b9f473c5e0d9bf"
  version = "v1.0.4"

[[projects]]
  name = "github.com/jackpal/go-nat-pmp"
  packages = ["."]
  revision = "c9cfead9f2a36ddf3daa40ba269aa7f4bbba6b62"
  version = "v1.0.1"

[[projects]]
  branch = "master"
  name = "github.com/jbenet/goprocess"
  packages = [
    ".",
    "context",
    "periodic",
    "ratelimit"
  ]
  revision = "b497e2f366b8624394fb2e89c10ab607bebdde0b"

[[projects]]
  branch = "master"
  name = "github.com/libp2p/go-addr-util"
  packages = ["."]
  revision = "2bd89519d84aaf575b479702cf4563d80b9bae16"

[[projects]]
  branch = "master"
  name = "github.com/libp2p/go-floodsub"
  packages = [
    ".",
    "pb"
  ]
  revision = "0070dfbf72a8d159360fd16e26e14fa7f830c491"

[[projects]]
  branch = "master"
  name = "github.com/libp2p/go-flow-metrics"
  packages = ["."]
  revision = "3b3bcfcf78f2dc0e85be13ef3c3adc64cc5a9347"

[[projects]]
  branch = "master"
  name = "github.com/libp2p/go-libp2p"
  packages = [
    "p2p/host/basic",
    "p2p/protocol/identify",
    "p2p/protocol/identify/pb"
  ]
  revision = "c5dbe224d5206d3f81da4e6f1b0727027119a309"

[[projects]]
  branch = "master"
  name = "github.com/libp2p/go-libp2p-crypto"
  packages = [
    ".",
    "pb"
  ]
  revision = "18915b5467c77ad8c07a35328c2cab468667a4e8"

[[projects]]
  branch = "master"
  name = "github.com/libp2p/go-libp2p-host"
  packages = ["."]
  revision = "94662a6775187d81187330fb96e5c8cf8189206f"

[[projects]]
  branch = "master"
  name = "github.com/libp2p/go-libp2p-interface-connmgr"
  packages = ["."]
  revision = "6337cd2d80d62a676a82961d755224b97f721447"

[[projects]]
  branch = "master"
  name = "github.com/libp2p/go-libp2p-loggables"
  packages = ["."]
  revision = "3a7ad4dd32462b4d9c07a85021e0f5e1110debb2"

[[projects]]
  branch = "master"
  name = "github.com/libp2p/go-libp2p-metrics"
  packages = ["."]
  revision = "0027ab26a369f023228f1395a29d580e81db9705"

[[projects]]
  branch = "master"
  name = "github.com/libp2p/go-libp2p-nat"
  packages = ["."]
  revision = "5b5df57eae0cf60777bb37e4280cb587daf51e82"

[[projects]]
  branch = "master"
  name = "github.com/libp2p/go-libp2p-net"
  packages = ["."]
  revision = "4fa8c21b6feaa10bb299c691ccdbcc9351ec2d5d"

[[projects]]
  branch = "master"
  name = "github.com/libp2p/go-libp2p-peer"
  packages = [
    ".",
    "test"
  ]
  revision = "aa0e03e559bde9d4749ad8e38595e15a6fe808fa"

[[projects]]
  branch = "master"
  name = "github.com/libp2p/go-libp2p-peerstore"
  packages = [
    ".",
    "addr"
  ]
  revision = "60a83a6ca3a94ae4a13c45f0e6e594fa3a2c0016"

[[projects]]
  branch = "master"
  name = "github.com/libp2p/go-libp2p-protocol"
  packages = ["."]
  revision = "b29f3d97e3a2fb8b29c5d04290e6cb5c5018004b"

[[projects]]
  branch = "master"
  name = "github.com/libp2p/go-libp2p-swarm"
  packages = ["."]
  revision = "da01184afe4c67bec58c5e73f3350ad80b624c0d"

[[projects]]
  branch = "master"
  name = "github.com/libp2p/go-libp2p-transport"
  packages = ["."]
  revision = "e4d6a1ade96c99fb35dfa2dcc54e136b4dae9a77"

[[projects]]
  branch = "master"
  name = "github.com/libp2p/go-maddr-filter"
  packages = ["."]
  revision = "5969fc79c0a704bc3cf82ca9c681096899b7b503"

[[projects]]
  branch = "master"
  name = "github.com/libp2p/go-stream-muxer"
  packages = ["."]
  revision = "6ebe3f58af097068454b167a89442050b023b571"

[[projects]]
  branch = "master"
  name = "github.com/libp2p/go-testutil"
  packages = ["."]
  revision = "51c69c669440bdbaeb3bedd55e76c4f8a3079492"

[[projects]]
  name = "github.com/mattn/go-colorable"
  packages = ["."]
  revision = "167de6bfdfba052fa6b2d3664c8f5272e23c9072"
  version = "v0.0.9"

[[projects]]
  name = "github.com/mattn/go-isatty"
  packages = ["."]
  revision = "0360b2af4f38e8d38c7fce2a9f4e702702d73a39"
  version = "v0.0.3"

[[projects]]
  branch = "master"
  name = "github.com/minio/sha256-simd"
  packages = ["."]
  revision = "ad98a36ba0da87206e3378c556abbfeaeaa98668"

[[projects]]
  branch = "master"
  name = "github.com/mr-tron/base58"
  packages = ["base58"]
  revision = "c1bdf7c52f59d6685ca597b9955a443ff95eeee6"

[[projects]]
  name = "github.com/multiformats/go-multiaddr"
  packages = ["."]
  revision = "b90678896b52c3e5a4c8176805c6facc3fe3eb82"
  version = "0.1.2"

[[projects]]
  branch = "master"
  name = "github.com/multiformats/go-multiaddr-dns"
  packages = ["."]
  revision = "c3d4fcd3cbaf54a24b0b68f1461986ede1d59859"

[[projects]]
  branch = "master"
  name = "github.com/multiformats/go-multiaddr-net"
  packages = ["."]
  revision = "418f115760977e713cebdaa5378511713964df76"

[[projects]]
  name = "github.com/multiformats/go-multihash"
  packages = ["."]
  revision = "bdcf2980a789f55c97d548fdfa727f8fb19684ba"
  version = "0.1.0"

[[projects]]
  branch = "master"
  name = "github.com/multiformats/go-multistream"
  packages = ["."]
  revision = "aea59cd120a7f60ed64cc98ffc1af2e6a84c470f"

[[projects]]
  name = "github.com/opentracing/opentracing-go"
  packages = [
    ".",
    "ext",
    "log"
  ]
  revision = "1949ddbfd147afd4d964a9f00b24eb291e0e7c38"
  version = "v1.0.2"

[[projects]]
  name = "github.com/pborman/uuid"
  packages = ["."]
  revision = "e790cca94e6cc75c7064b1332e63811d4aae1a53"
  version = "v1.1"

[[projects]]
  branch = "master"
  name = "github.com/rjeczalik/notify"
  packages = ["."]
  revision = "d152f3ce359a5464dc41e84a8919fc67e55bbbf0"

[[projects]]
  name = "github.com/rs/cors"
  packages = ["."]
  revision = "ca016a06a5753f8ba03029c0aa5e54afb1bf713f"
  version = "v1.4.0"

[[projects]]
  name = "github.com/satori/go.uuid"
  packages = ["."]
  revision = "f58768cc1a7a7e77a3bd49e98cdd21419399b6a3"
  version = "v1.2.0"

[[projects]]
  branch = "master"
  name = "github.com/syndtr/goleveldb"
  packages = [
    "leveldb",
    "leveldb/cache",
    "leveldb/comparer",
    "leveldb/errors",
    "leveldb/filter",
    "leveldb/iterator",
    "leveldb/journal",
    "leveldb/memdb",
    "leveldb/opt",
    "leveldb/storage",
    "leveldb/table",
    "leveldb/util"
  ]
  revision = "5d6fca44a948d2be89a9702de7717f0168403d3d"

[[projects]]
  name = "github.com/urfave/cli"
  packages = ["."]
  revision = "8e01ec4cd3e2d84ab2fe90d8210528ffbb06d8ff"
  source = "https://github.com/keep-network/cli.git"

[[projects]]
  branch = "master"
  name = "github.com/whyrusleeping/go-logging"
  packages = ["."]
  revision = "0457bb6b88fc1973573aaf6b5145d8d3ae972390"

[[projects]]
  branch = "master"
  name = "github.com/whyrusleeping/go-notifier"
  packages = ["."]
  revision = "097c5d47330ff6a823f67e3515faa13566a62c6f"

[[projects]]
  branch = "master"
  name = "github.com/whyrusleeping/go-smux-multistream"
  packages = ["."]
  revision = "c707bf3c25fa380b20b54907790efde288775938"

[[projects]]
  branch = "master"
  name = "github.com/whyrusleeping/go-smux-yamux"
  packages = ["."]
  revision = "eac25f3e2d47aae211e457e7664b52634c95eea8"

[[projects]]
  branch = "master"
  name = "github.com/whyrusleeping/mafmt"
  packages = ["."]
  revision = "ab6a47300c1df531e468771e7d08fcd6d33f032e"

[[projects]]
  branch = "master"
  name = "github.com/whyrusleeping/multiaddr-filter"
  packages = ["."]
  revision = "e903e4adabd70b78bc9293b6ee4f359afb3f9f59"

[[projects]]
  branch = "master"
  name = "github.com/whyrusleeping/timecache"
  packages = ["."]
  revision = "cfcb2f1abfee846c430233aef0b630a946e0a5a6"

[[projects]]
  branch = "master"
  name = "github.com/whyrusleeping/yamux"
  packages = ["."]
  revision = "35d045d4429ecf19430a2b94efc590bc40f2f7af"

[[projects]]
  branch = "master"
  name = "golang.org/x/crypto"
  packages = [
    "pbkdf2",
    "scrypt",
    "ssh/terminal"
  ]
  revision = "b47b1587369238182299fe4dad77d05b8b461e06"

[[projects]]
  branch = "master"
  name = "golang.org/x/net"
  packages = [
    "context",
    "html",
    "html/atom",
    "html/charset",
    "websocket"
  ]
  revision = "1e491301e022f8f977054da4c2d852decd59571f"

[[projects]]
  branch = "master"
  name = "golang.org/x/sys"
  packages = [
    "unix",
    "windows"
  ]
  revision = "9527bec2660bd847c050fda93a0f0c6dee0800bb"

[[projects]]
  name = "golang.org/x/text"
  packages = [
    "encoding",
    "encoding/charmap",
    "encoding/htmlindex",
    "encoding/internal",
    "encoding/internal/identifier",
    "encoding/japanese",
    "encoding/korean",
    "encoding/simplifiedchinese",
    "encoding/traditionalchinese",
    "encoding/unicode",
    "internal/gen",
    "internal/tag",
    "internal/utf8internal",
    "language",
    "runes",
    "transform",
    "unicode/cldr"
  ]
  revision = "f21a4dfb5e38f5895301dc265a8def02365cc3d0"
  version = "v0.3.0"

[[projects]]
  branch = "master"
  name = "golang.org/x/tools"
  packages = [
    "go/ast/astutil",
    "imports",
    "internal/fastwalk"
  ]
  revision = "a5b4c53f6e8bdcafa95a94671bf2d1203365858b"

[[projects]]
  name = "gopkg.in/fatih/set.v0"
  packages = ["."]
  revision = "57907de300222151a123d29255ed17f5ed43fad3"
  version = "v0.1.0"

[[projects]]
  branch = "v2"
  name = "gopkg.in/karalabe/cookiejar.v2"
  packages = ["collections/prque"]
  revision = "8dcd6a7f4951f6ff3ee9cbb919a06d8925822e57"

[[projects]]
  branch = "v2"
  name = "gopkg.in/natefinch/npipe.v2"
  packages = ["."]
  revision = "c1b8fa8bdccecb0b8db834ee0b92fdbcfa606dd6"

[solve-meta]
  analyzer-name = "dep"
  analyzer-version = 1
  inputs-digest = "592291211d19451e3c194e483b57cea6128e15639d93ed504de3bec334a27663"
  solver-name = "gps-cdcl"
  solver-version = 1
