# This file is autogenerated, do not edit; changes may be undone by the next 'dep ensure'.


[[projects]]
  name = "github.com/dfinity/go-dfinity-crypto"
  packages = ["bls","groupsig","rand"]
  revision = "1db358303499a9879dd640c71f831897e06e9ddf"
  source = "https://github.com/dfinity/go-dfinity-crypto.git"

[[projects]]
  branch = "master"
  name = "golang.org/x/crypto"
  packages = ["sha3"]
  revision = "1875d0a70c90e57f11972aefd42276df65e895b9"

[solve-meta]
  analyzer-name = "dep"
  analyzer-version = 1
  inputs-digest = "797cc928ced587014ee74f4edbbdc9a0f1c996b397b2f86a1a32f132843c7b4e"
  solver-name = "gps-cdcl"
  solver-version = 1
