# This file is autogenerated, do not edit; changes may be undone by the next 'dep ensure'.


[[projects]]
  name = "github.com/dfinity/go-dfinity-crypto"
  packages = ["rand"]
  revision = "1db358303499a9879dd640c71f831897e06e9ddf"

[[projects]]
  name = "github.com/keep-network/go-dfinity-crypto"
  packages = ["bls"]
  revision = "1db358303499a9879dd640c71f831897e06e9ddf"
  source = "https://github.com/keep-network/go-dfinity-crypto.git"

[[projects]]
  branch = "master"
  name = "golang.org/x/crypto"
  packages = ["sha3"]
  revision = "5119cf507ed5294cc409c092980c7497ee5d6fd2"

[solve-meta]
  analyzer-name = "dep"
  analyzer-version = 1
  inputs-digest = "20dfc90a8ed05905b41c3126eefc674b4c86918ba0192fff4ce1e99b6a0d08db"
  solver-name = "gps-cdcl"
  solver-version = 1
