{
  "name": "@manumonti/staking-rewards-calculation",
  "version": "1.0.43",
  "lockfileVersion": 2,
  "requires": true,
  "packages": {
    "": {
      "name": "@manumonti/staking-rewards-calculation",
      "version": "1.0.43",
      "license": "GPL-3.0-or-later",
      "dependencies": {
        "@urql/core": "^2.5.0",
        "bignumber.js": "^9.0.2",
        "graphql": "^16.5.0",
        "isomorphic-unfetch": "^3.1.0"
      }
    },
    "node_modules/@graphql-typed-document-node/core": {
      "version": "3.1.1",
      "resolved": "https://registry.npmjs.org/@graphql-typed-document-node/core/-/core-3.1.1.tgz",
      "integrity": "sha512-NQ17ii0rK1b34VZonlmT2QMJFI70m0TRwbknO/ihlbatXyaktDhN/98vBiUU6kNBPljqGqyIrl2T4nY2RpFANg==",
      "peerDependencies": {
        "graphql": "^0.8.0 || ^0.9.0 || ^0.10.0 || ^0.11.0 || ^0.12.0 || ^0.13.0 || ^14.0.0 || ^15.0.0 || ^16.0.0"
      }
    },
    "node_modules/@urql/core": {
      "version": "2.5.0",
      "resolved": "https://registry.npmjs.org/@urql/core/-/core-2.5.0.tgz",
      "integrity": "sha512-xXdcgb0H3nNTP4OfC+5T3CHJ0iz7Jj0QQYSYhN/hvKrzFnisPz2n6WXmvsHmMXk5bJHsr39kx4eOHcpsJuyCew==",
      "dependencies": {
        "@graphql-typed-document-node/core": "^3.1.1",
        "wonka": "^4.0.14"
      },
      "peerDependencies": {
        "graphql": "^0.11.0 || ^0.12.0 || ^0.13.0 || ^14.0.0 || ^15.0.0 || ^16.0.0"
      }
    },
    "node_modules/bignumber.js": {
      "version": "9.0.2",
      "resolved": "https://registry.npmjs.org/bignumber.js/-/bignumber.js-9.0.2.tgz",
      "integrity": "sha512-GAcQvbpsM0pUb0zw1EI0KhQEZ+lRwR5fYaAp3vPOYuP7aDvGy6cVN6XHLauvF8SOga2y0dcLcjt3iQDTSEliyw==",
      "engines": {
        "node": "*"
      }
    },
    "node_modules/graphql": {
      "version": "16.5.0",
      "resolved": "https://registry.npmjs.org/graphql/-/graphql-16.5.0.tgz",
      "integrity": "sha512-qbHgh8Ix+j/qY+a/ZcJnFQ+j8ezakqPiHwPiZhV/3PgGlgf96QMBB5/f2rkiC9sgLoy/xvT6TSiaf2nTHJh5iA==",
      "engines": {
        "node": "^12.22.0 || ^14.16.0 || ^16.0.0 || >=17.0.0"
      }
    },
    "node_modules/isomorphic-unfetch": {
      "version": "3.1.0",
      "resolved": "https://registry.npmjs.org/isomorphic-unfetch/-/isomorphic-unfetch-3.1.0.tgz",
      "integrity": "sha512-geDJjpoZ8N0kWexiwkX8F9NkTsXhetLPVbZFQ+JTW239QNOwvB0gniuR1Wc6f0AMTn7/mFGyXvHTifrCp/GH8Q==",
      "dependencies": {
        "node-fetch": "^2.6.1",
        "unfetch": "^4.2.0"
      }
    },
    "node_modules/node-fetch": {
      "version": "2.6.7",
      "resolved": "https://registry.npmjs.org/node-fetch/-/node-fetch-2.6.7.tgz",
      "integrity": "sha512-ZjMPFEfVx5j+y2yF35Kzx5sF7kDzxuDj6ziH4FFbOp87zKDZNx8yExJIb05OGF4Nlt9IHFIMBkRl41VdvcNdbQ==",
      "dependencies": {
        "whatwg-url": "^5.0.0"
      },
      "engines": {
        "node": "4.x || >=6.0.0"
      },
      "peerDependencies": {
        "encoding": "^0.1.0"
      },
      "peerDependenciesMeta": {
        "encoding": {
          "optional": true
        }
      }
    },
    "node_modules/tr46": {
      "version": "0.0.3",
      "resolved": "https://registry.npmjs.org/tr46/-/tr46-0.0.3.tgz",
      "integrity": "sha512-N3WMsuqV66lT30CrXNbEjx4GEwlow3v6rr4mCcv6prnfwhS01rkgyFdjPNBYd9br7LpXV1+Emh01fHnq2Gdgrw=="
    },
    "node_modules/unfetch": {
      "version": "4.2.0",
      "resolved": "https://registry.npmjs.org/unfetch/-/unfetch-4.2.0.tgz",
      "integrity": "sha512-F9p7yYCn6cIW9El1zi0HI6vqpeIvBsr3dSuRO6Xuppb1u5rXpCPmMvLSyECLhybr9isec8Ohl0hPekMVrEinDA=="
    },
    "node_modules/webidl-conversions": {
      "version": "3.0.1",
      "resolved": "https://registry.npmjs.org/webidl-conversions/-/webidl-conversions-3.0.1.tgz",
      "integrity": "sha512-2JAn3z8AR6rjK8Sm8orRC0h/bcl/DqL7tRPdGZ4I1CjdF+EaMLmYxBHyXuKL849eucPFhvBoxMsflfOb8kxaeQ=="
    },
    "node_modules/whatwg-url": {
      "version": "5.0.0",
      "resolved": "https://registry.npmjs.org/whatwg-url/-/whatwg-url-5.0.0.tgz",
      "integrity": "sha512-saE57nupxk6v3HY35+jzBwYa0rKSy0XR8JSxZPwgLr7ys0IBzhGviA1/TUGJLmSVqs8pb9AnvICXEuOHLprYTw==",
      "dependencies": {
        "tr46": "~0.0.3",
        "webidl-conversions": "^3.0.0"
      }
    },
    "node_modules/wonka": {
      "version": "4.0.15",
      "resolved": "https://registry.npmjs.org/wonka/-/wonka-4.0.15.tgz",
      "integrity": "sha512-U0IUQHKXXn6PFo9nqsHphVCE5m3IntqZNB9Jjn7EB1lrR7YTDY3YWgFvEvwniTzXSvOH/XMzAZaIfJF/LvHYXg=="
    }
  },
  "dependencies": {
    "@graphql-typed-document-node/core": {
      "version": "3.1.1",
      "resolved": "https://registry.npmjs.org/@graphql-typed-document-node/core/-/core-3.1.1.tgz",
      "integrity": "sha512-NQ17ii0rK1b34VZonlmT2QMJFI70m0TRwbknO/ihlbatXyaktDhN/98vBiUU6kNBPljqGqyIrl2T4nY2RpFANg==",
      "requires": {}
    },
    "@urql/core": {
      "version": "2.5.0",
      "resolved": "https://registry.npmjs.org/@urql/core/-/core-2.5.0.tgz",
      "integrity": "sha512-xXdcgb0H3nNTP4OfC+5T3CHJ0iz7Jj0QQYSYhN/hvKrzFnisPz2n6WXmvsHmMXk5bJHsr39kx4eOHcpsJuyCew==",
      "requires": {
        "@graphql-typed-document-node/core": "^3.1.1",
        "wonka": "^4.0.14"
      }
    },
    "bignumber.js": {
      "version": "9.0.2",
      "resolved": "https://registry.npmjs.org/bignumber.js/-/bignumber.js-9.0.2.tgz",
      "integrity": "sha512-GAcQvbpsM0pUb0zw1EI0KhQEZ+lRwR5fYaAp3vPOYuP7aDvGy6cVN6XHLauvF8SOga2y0dcLcjt3iQDTSEliyw=="
    },
    "graphql": {
      "version": "16.5.0",
      "resolved": "https://registry.npmjs.org/graphql/-/graphql-16.5.0.tgz",
      "integrity": "sha512-qbHgh8Ix+j/qY+a/ZcJnFQ+j8ezakqPiHwPiZhV/3PgGlgf96QMBB5/f2rkiC9sgLoy/xvT6TSiaf2nTHJh5iA=="
    },
    "isomorphic-unfetch": {
      "version": "3.1.0",
      "resolved": "https://registry.npmjs.org/isomorphic-unfetch/-/isomorphic-unfetch-3.1.0.tgz",
      "integrity": "sha512-geDJjpoZ8N0kWexiwkX8F9NkTsXhetLPVbZFQ+JTW239QNOwvB0gniuR1Wc6f0AMTn7/mFGyXvHTifrCp/GH8Q==",
      "requires": {
        "node-fetch": "^2.6.1",
        "unfetch": "^4.2.0"
      }
    },
    "node-fetch": {
      "version": "2.6.7",
      "resolved": "https://registry.npmjs.org/node-fetch/-/node-fetch-2.6.7.tgz",
      "integrity": "sha512-ZjMPFEfVx5j+y2yF35Kzx5sF7kDzxuDj6ziH4FFbOp87zKDZNx8yExJIb05OGF4Nlt9IHFIMBkRl41VdvcNdbQ==",
      "requires": {
        "whatwg-url": "^5.0.0"
      }
    },
    "tr46": {
      "version": "0.0.3",
      "resolved": "https://registry.npmjs.org/tr46/-/tr46-0.0.3.tgz",
      "integrity": "sha512-N3WMsuqV66lT30CrXNbEjx4GEwlow3v6rr4mCcv6prnfwhS01rkgyFdjPNBYd9br7LpXV1+Emh01fHnq2Gdgrw=="
    },
    "unfetch": {
      "version": "4.2.0",
      "resolved": "https://registry.npmjs.org/unfetch/-/unfetch-4.2.0.tgz",
      "integrity": "sha512-F9p7yYCn6cIW9El1zi0HI6vqpeIvBsr3dSuRO6Xuppb1u5rXpCPmMvLSyECLhybr9isec8Ohl0hPekMVrEinDA=="
    },
    "webidl-conversions": {
      "version": "3.0.1",
      "resolved": "https://registry.npmjs.org/webidl-conversions/-/webidl-conversions-3.0.1.tgz",
      "integrity": "sha512-2JAn3z8AR6rjK8Sm8orRC0h/bcl/DqL7tRPdGZ4I1CjdF+EaMLmYxBHyXuKL849eucPFhvBoxMsflfOb8kxaeQ=="
    },
    "whatwg-url": {
      "version": "5.0.0",
      "resolved": "https://registry.npmjs.org/whatwg-url/-/whatwg-url-5.0.0.tgz",
      "integrity": "sha512-saE57nupxk6v3HY35+jzBwYa0rKSy0XR8JSxZPwgLr7ys0IBzhGviA1/TUGJLmSVqs8pb9AnvICXEuOHLprYTw==",
      "requires": {
        "tr46": "~0.0.3",
        "webidl-conversions": "^3.0.0"
      }
    },
    "wonka": {
      "version": "4.0.15",
      "resolved": "https://registry.npmjs.org/wonka/-/wonka-4.0.15.tgz",
      "integrity": "sha512-U0IUQHKXXn6PFo9nqsHphVCE5m3IntqZNB9Jjn7EB1lrR7YTDY3YWgFvEvwniTzXSvOH/XMzAZaIfJF/LvHYXg=="
    }
  }
}
