# This file is autogenerated, do not edit; changes may be undone by the next 'dep ensure'.


[[projects]]
  name = "github.com/gogo/protobuf"
  packages = ["proto"]
  revision = "1adfc126b41513cc696b209667c8656ea7aac67c"
  version = "v1.0.0"

[solve-meta]
  analyzer-name = "dep"
  analyzer-version = 1
  inputs-digest = "bd0ed53b262770bb1b2f69e54c1edbdf8cede43019cfdaf964ba457444a62c54"
  solver-name = "gps-cdcl"
  solver-version = 1
